lockfileVersion: 5.3

specifiers:
  enquirer: ^2.3.6
  is-odd: ^3.0.1
  lodash: ^4.17.21

dependencies:
  enquirer: registry.npmmirror.com/enquirer/2.3.6
  is-odd: 3.0.1
  lodash: 4.17.21

packages:

  /is-number/6.0.0:
    resolution: {integrity: sha1-5tFa0x/CYoh8zPIXrl+TFvgbGZU=}
    engines: {node: '>=0.10.0'}
    dev: false

  /is-odd/3.0.1:
    resolution: {integrity: sha1-ZRAbrzcn1yi2b6YvUM2n8tOYlgE=}
    engines: {node: '>=4'}
    dependencies:
      is-number: 6.0.0
    dev: false

  /lodash/4.17.21:
    resolution: {integrity: sha512-v2kDEe57lecTulaDIuNTPy3Ry4gLGJ6Z1O3vE1krgXZNrsQ+LFTGHVxVjcXPs17LhbZVGedAJv8XZ1tvj5FvSg==}
    dev: false

  registry.npmmirror.com/ansi-colors/4.1.1:
    resolution: {integrity: sha512-JoX0apGbHaUJBNl6yF+p6JAFYZ666/hhCGKN5t9QFjbJQKUU/g8MNbFDbvfrgKXvI1QpZplPOnwIo99lX/AAmA==, registry: https://registry.npm.taobao.org/, tarball: https://registry.npmmirror.com/ansi-colors/-/ansi-colors-4.1.1.tgz}
    name: ansi-colors
    version: 4.1.1
    engines: {node: '>=6'}
    dev: false

  registry.npmmirror.com/enquirer/2.3.6:
    resolution: {integrity: sha512-yjNnPr315/FjS4zIsUxYguYUPP2e1NK4d7E7ZOLiyYCcbFBiTMyID+2wvm2w6+pZ/odMA7cRkjhsPbltwBOrLg==, registry: https://registry.npm.taobao.org/, tarball: https://registry.npmmirror.com/enquirer/-/enquirer-2.3.6.tgz}
    name: enquirer
    version: 2.3.6
    engines: {node: '>=8.6'}
    dependencies:
      ansi-colors: registry.npmmirror.com/ansi-colors/4.1.1
    dev: false
